# ============================================================
# Core Data Science
# ============================================================
numpy
pandas
scipy
scikit-learn

# ============================================================
# File / Data Formats
# ============================================================
pyarrow
openpyxl
xlsxwriter

# ============================================================
# Visualization
# ============================================================
matplotlib

# ============================================================
# HTTP / API / JSON
# ============================================================
requests
httpx
pydantic

# ============================================================
# Database Abstraction
# ============================================================
sqlalchemy

# ============================================================
# MySQL / MariaDB / Doris / StarRocks
# ============================================================
pymysql

# ============================================================
# PostgreSQL
# ============================================================
psycopg[binary]

# ============================================================
# Oracle
# ============================================================
oracledb

# ============================================================
# ODBC / SQL Server
# ============================================================
pyodbc

# ============================================================
# ClickHouse
# ============================================================
clickhouse-connect

# ============================================================
# Hive / Inceptor
# ============================================================
pyhive
thrift
thrift-sasl
pure-sasl

# ============================================================
# Utilities
# ============================================================
python-dateutil
pytz
tenacity